// !$*UTF8*$!
{
	archiveVersion = 1;
	classes = {
	};
	objectVersion = 55;
	objects = {

/* Begin PBXBuildFile section */
		501CC4822817861C00462760 /* LinkedInCredentials.swift in Sources */ = {isa = PBXBuildFile; fileRef = 501CC4812817861C00462760 /* LinkedInCredentials.swift */; };
		5020AD0A2814DCE300C7C6B0 /* LinkedInEmailModel.swift in Sources */ = {isa = PBXBuildFile; fileRef = 5020AD092814DCE300C7C6B0 /* LinkedInEmailModel.swift */; };
		5020AD0C2814DD0300C7C6B0 /* LinkedInProfileModel.swift in Sources */ = {isa = PBXBuildFile; fileRef = 5020AD0B2814DD0300C7C6B0 /* LinkedInProfileModel.swift */; };
		5020AD0E2814DD5500C7C6B0 /* LoginViewController.swift in Sources */ = {isa = PBXBuildFile; fileRef = 5020AD0D2814DD5500C7C6B0 /* LoginViewController.swift */; };
		504E04F42814D83800E3C06C /* LinkedInCredentialsExample.swift in Sources */ = {isa = PBXBuildFile; fileRef = 504E04F32814D83800E3C06C /* LinkedInCredentialsExample.swift */; };
		5099290C2810EAC80035E1AF /* AppDelegate.swift in Sources */ = {isa = PBXBuildFile; fileRef = 5099290B2810EAC80035E1AF /* AppDelegate.swift */; };
		5099290E2810EAC80035E1AF /* SceneDelegate.swift in Sources */ = {isa = PBXBuildFile; fileRef = 5099290D2810EAC80035E1AF /* SceneDelegate.swift */; };
		509929132810EAC80035E1AF /* Main.storyboard in Resources */ = {isa = PBXBuildFile; fileRef = 509929112810EAC80035E1AF /* Main.storyboard */; };
		509929152810EAC90035E1AF /* Assets.xcassets in Resources */ = {isa = PBXBuildFile; fileRef = 509929142810EAC90035E1AF /* Assets.xcassets */; };
		509929182810EAC90035E1AF /* LaunchScreen.storyboard in Resources */ = {isa = PBXBuildFile; fileRef = 509929162810EAC90035E1AF /* LaunchScreen.storyboard */; };
		509929232810EACA0035E1AF /* MessUpTests.swift in Sources */ = {isa = PBXBuildFile; fileRef = 509929222810EACA0035E1AF /* MessUpTests.swift */; };
		5099292D2810EACA0035E1AF /* MessUpUITests.swift in Sources */ = {isa = PBXBuildFile; fileRef = 5099292C2810EACA0035E1AF /* MessUpUITests.swift */; };
		5099292F2810EACA0035E1AF /* MessUpUITestsLaunchTests.swift in Sources */ = {isa = PBXBuildFile; fileRef = 5099292E2810EACA0035E1AF /* MessUpUITestsLaunchTests.swift */; };
		50BD520328160ACE0099D0DD /* LinkedInLoginViewController.swift in Sources */ = {isa = PBXBuildFile; fileRef = 50BD520228160ACE0099D0DD /* LinkedInLoginViewController.swift */; };
		50BD520528161FCF0099D0DD /* LinkedInAccessToken.swift in Sources */ = {isa = PBXBuildFile; fileRef = 50BD520428161FCF0099D0DD /* LinkedInAccessToken.swift */; };
		50BD5207281629B90099D0DD /* AccessTokenModel.swift in Sources */ = {isa = PBXBuildFile; fileRef = 50BD5206281629B90099D0DD /* AccessTokenModel.swift */; };
/* End PBXBuildFile section */

/* Begin PBXContainerItemProxy section */
		5099291F2810EACA0035E1AF /* PBXContainerItemProxy */ = {
			isa = PBXContainerItemProxy;
			containerPortal = 509929002810EAC80035E1AF /* Project object */;
			proxyType = 1;
			remoteGlobalIDString = 509929072810EAC80035E1AF;
			remoteInfo = MessUp;
		};
		509929292810EACA0035E1AF /* PBXContainerItemProxy */ = {
			isa = PBXContainerItemProxy;
			containerPortal = 509929002810EAC80035E1AF /* Project object */;
			proxyType = 1;
			remoteGlobalIDString = 509929072810EAC80035E1AF;
			remoteInfo = MessUp;
		};
/* End PBXContainerItemProxy section */

/* Begin PBXFileReference section */
		501CC4812817861C00462760 /* LinkedInCredentials.swift */ = {isa = PBXFileReference; lastKnownFileType = sourcecode.swift; path = LinkedInCredentials.swift; sourceTree = "<group>"; };
		5020AD092814DCE300C7C6B0 /* LinkedInEmailModel.swift */ = {isa = PBXFileReference; lastKnownFileType = sourcecode.swift; path = LinkedInEmailModel.swift; sourceTree = "<group>"; };
		5020AD0B2814DD0300C7C6B0 /* LinkedInProfileModel.swift */ = {isa = PBXFileReference; lastKnownFileType = sourcecode.swift; path = LinkedInProfileModel.swift; sourceTree = "<group>"; };
		5020AD0D2814DD5500C7C6B0 /* LoginViewController.swift */ = {isa = PBXFileReference; lastKnownFileType = sourcecode.swift; path = LoginViewController.swift; sourceTree = "<group>"; };
		504E04F32814D83800E3C06C /* LinkedInCredentialsExample.swift */ = {isa = PBXFileReference; lastKnownFileType = sourcecode.swift; path = LinkedInCredentialsExample.swift; sourceTree = "<group>"; };
		509929082810EAC80035E1AF /* MessUp.app */ = {isa = PBXFileReference; explicitFileType = wrapper.application; includeInIndex = 0; path = MessUp.app; sourceTree = BUILT_PRODUCTS_DIR; };
		5099290B2810EAC80035E1AF /* AppDelegate.swift */ = {isa = PBXFileReference; lastKnownFileType = sourcecode.swift; path = AppDelegate.swift; sourceTree = "<group>"; };
		5099290D2810EAC80035E1AF /* SceneDelegate.swift */ = {isa = PBXFileReference; lastKnownFileType = sourcecode.swift; path = SceneDelegate.swift; sourceTree = "<group>"; };
		509929122810EAC80035E1AF /* Base */ = {isa = PBXFileReference; lastKnownFileType = file.storyboard; name = Base; path = Base.lproj/Main.storyboard; sourceTree = "<group>"; };
		509929142810EAC90035E1AF /* Assets.xcassets */ = {isa = PBXFileReference; lastKnownFileType = folder.assetcatalog; path = Assets.xcassets; sourceTree = "<group>"; };
		509929172810EAC90035E1AF /* Base */ = {isa = PBXFileReference; lastKnownFileType = file.storyboard; name = Base; path = Base.lproj/LaunchScreen.storyboard; sourceTree = "<group>"; };
		509929192810EAC90035E1AF /* Info.plist */ = {isa = PBXFileReference; lastKnownFileType = text.plist.xml; path = Info.plist; sourceTree = "<group>"; };
		5099291E2810EACA0035E1AF /* MessUpTests.xctest */ = {isa = PBXFileReference; explicitFileType = wrapper.cfbundle; includeInIndex = 0; path = MessUpTests.xctest; sourceTree = BUILT_PRODUCTS_DIR; };
		509929222810EACA0035E1AF /* MessUpTests.swift */ = {isa = PBXFileReference; lastKnownFileType = sourcecode.swift; path = MessUpTests.swift; sourceTree = "<group>"; };
		509929282810EACA0035E1AF /* MessUpUITests.xctest */ = {isa = PBXFileReference; explicitFileType = wrapper.cfbundle; includeInIndex = 0; path = MessUpUITests.xctest; sourceTree = BUILT_PRODUCTS_DIR; };
		5099292C2810EACA0035E1AF /* MessUpUITests.swift */ = {isa = PBXFileReference; lastKnownFileType = sourcecode.swift; path = MessUpUITests.swift; sourceTree = "<group>"; };
		5099292E2810EACA0035E1AF /* MessUpUITestsLaunchTests.swift */ = {isa = PBXFileReference; lastKnownFileType = sourcecode.swift; path = MessUpUITestsLaunchTests.swift; sourceTree = "<group>"; };
		50BD520228160ACE0099D0DD /* LinkedInLoginViewController.swift */ = {isa = PBXFileReference; lastKnownFileType = sourcecode.swift; path = LinkedInLoginViewController.swift; sourceTree = "<group>"; };
		50BD520428161FCF0099D0DD /* LinkedInAccessToken.swift */ = {isa = PBXFileReference; lastKnownFileType = sourcecode.swift; path = LinkedInAccessToken.swift; sourceTree = "<group>"; };
		50BD5206281629B90099D0DD /* AccessTokenModel.swift */ = {isa = PBXFileReference; lastKnownFileType = sourcecode.swift; path = AccessTokenModel.swift; sourceTree = "<group>"; };
/* End PBXFileReference section */

/* Begin PBXFrameworksBuildPhase section */
		509929052810EAC80035E1AF /* Frameworks */ = {
			isa = PBXFrameworksBuildPhase;
			buildActionMask = 2147483647;
			files = (
			);
			runOnlyForDeploymentPostprocessing = 0;
		};
		5099291B2810EACA0035E1AF /* Frameworks */ = {
			isa = PBXFrameworksBuildPhase;
			buildActionMask = 2147483647;
			files = (
			);
			runOnlyForDeploymentPostprocessing = 0;
		};
		509929252810EACA0035E1AF /* Frameworks */ = {
			isa = PBXFrameworksBuildPhase;
			buildActionMask = 2147483647;
			files = (
			);
			runOnlyForDeploymentPostprocessing = 0;
		};
/* End PBXFrameworksBuildPhase section */

/* Begin PBXGroup section */
		501CC480281785FC00462760 /* env */ = {
			isa = PBXGroup;
			children = (
				504E04F32814D83800E3C06C /* LinkedInCredentialsExample.swift */,
				501CC4812817861C00462760 /* LinkedInCredentials.swift */,
			);
			path = env;
			sourceTree = "<group>";
		};
		5020AD062814DB3200C7C6B0 /* view */ = {
			isa = PBXGroup;
			children = (
				509929112810EAC80035E1AF /* Main.storyboard */,
				509929162810EAC90035E1AF /* LaunchScreen.storyboard */,
			);
			path = view;
			sourceTree = "<group>";
		};
		5020AD072814DB4C00C7C6B0 /* controller */ = {
			isa = PBXGroup;
			children = (
				50BD520228160ACE0099D0DD /* LinkedInLoginViewController.swift */,
				5020AD0D2814DD5500C7C6B0 /* LoginViewController.swift */,
			);
			path = controller;
			sourceTree = "<group>";
		};
		5020AD082814DB7600C7C6B0 /* support */ = {
			isa = PBXGroup;
			children = (
				5099290B2810EAC80035E1AF /* AppDelegate.swift */,
				5099290D2810EAC80035E1AF /* SceneDelegate.swift */,
				509929142810EAC90035E1AF /* Assets.xcassets */,
			);
			path = support;
			sourceTree = "<group>";
		};
		504E04F22814D81F00E3C06C /* model */ = {
			isa = PBXGroup;
			children = (
				5020AD092814DCE300C7C6B0 /* LinkedInEmailModel.swift */,
				5020AD0B2814DD0300C7C6B0 /* LinkedInProfileModel.swift */,
				50BD520428161FCF0099D0DD /* LinkedInAccessToken.swift */,
				50BD5206281629B90099D0DD /* AccessTokenModel.swift */,
			);
			path = model;
			sourceTree = "<group>";
		};
		509928FF2810EAC80035E1AF = {
			isa = PBXGroup;
			children = (
				5099290A2810EAC80035E1AF /* MessUp */,
				509929212810EACA0035E1AF /* MessUpTests */,
				5099292B2810EACA0035E1AF /* MessUpUITests */,
				509929092810EAC80035E1AF /* Products */,
			);
			indentWidth = 2;
			sourceTree = "<group>";
			tabWidth = 2;
		};
		509929092810EAC80035E1AF /* Products */ = {
			isa = PBXGroup;
			children = (
				509929082810EAC80035E1AF /* MessUp.app */,
				5099291E2810EACA0035E1AF /* MessUpTests.xctest */,
				509929282810EACA0035E1AF /* MessUpUITests.xctest */,
			);
			name = Products;
			sourceTree = "<group>";
		};
		5099290A2810EAC80035E1AF /* MessUp */ = {
			isa = PBXGroup;
			children = (
				501CC480281785FC00462760 /* env */,
				5020AD062814DB3200C7C6B0 /* view */,
				504E04F22814D81F00E3C06C /* model */,
				5020AD072814DB4C00C7C6B0 /* controller */,
				5020AD082814DB7600C7C6B0 /* support */,
				509929192810EAC90035E1AF /* Info.plist */,
			);
			path = MessUp;
			sourceTree = "<group>";
		};
		509929212810EACA0035E1AF /* MessUpTests */ = {
			isa = PBXGroup;
			children = (
				509929222810EACA0035E1AF /* MessUpTests.swift */,
			);
			path = MessUpTests;
			sourceTree = "<group>";
		};
		5099292B2810EACA0035E1AF /* MessUpUITests */ = {
			isa = PBXGroup;
			children = (
				5099292C2810EACA0035E1AF /* MessUpUITests.swift */,
				5099292E2810EACA0035E1AF /* MessUpUITestsLaunchTests.swift */,
			);
			path = MessUpUITests;
			sourceTree = "<group>";
		};
/* End PBXGroup section */

/* Begin PBXNativeTarget section */
		509929072810EAC80035E1AF /* MessUp */ = {
			isa = PBXNativeTarget;
			buildConfigurationList = 509929322810EACA0035E1AF /* Build configuration list for PBXNativeTarget "MessUp" */;
			buildPhases = (
				509929042810EAC80035E1AF /* Sources */,
				509929052810EAC80035E1AF /* Frameworks */,
				509929062810EAC80035E1AF /* Resources */,
			);
			buildRules = (
			);
			dependencies = (
			);
			name = MessUp;
			productName = MessUp;
			productReference = 509929082810EAC80035E1AF /* MessUp.app */;
			productType = "com.apple.product-type.application";
		};
		5099291D2810EACA0035E1AF /* MessUpTests */ = {
			isa = PBXNativeTarget;
			buildConfigurationList = 509929352810EACA0035E1AF /* Build configuration list for PBXNativeTarget "MessUpTests" */;
			buildPhases = (
				5099291A2810EACA0035E1AF /* Sources */,
				5099291B2810EACA0035E1AF /* Frameworks */,
				5099291C2810EACA0035E1AF /* Resources */,
			);
			buildRules = (
			);
			dependencies = (
				509929202810EACA0035E1AF /* PBXTargetDependency */,
			);
			name = MessUpTests;
			productName = MessUpTests;
			productReference = 5099291E2810EACA0035E1AF /* MessUpTests.xctest */;
			productType = "com.apple.product-type.bundle.unit-test";
		};
		509929272810EACA0035E1AF /* MessUpUITests */ = {
			isa = PBXNativeTarget;
			buildConfigurationList = 509929382810EACA0035E1AF /* Build configuration list for PBXNativeTarget "MessUpUITests" */;
			buildPhases = (
				509929242810EACA0035E1AF /* Sources */,
				509929252810EACA0035E1AF /* Frameworks */,
				509929262810EACA0035E1AF /* Resources */,
			);
			buildRules = (
			);
			dependencies = (
				5099292A2810EACA0035E1AF /* PBXTargetDependency */,
			);
			name = MessUpUITests;
			productName = MessUpUITests;
			productReference = 509929282810EACA0035E1AF /* MessUpUITests.xctest */;
			productType = "com.apple.product-type.bundle.ui-testing";
		};
/* End PBXNativeTarget section */

/* Begin PBXProject section */
		509929002810EAC80035E1AF /* Project object */ = {
			isa = PBXProject;
			attributes = {
				BuildIndependentTargetsInParallel = 1;
				LastSwiftUpdateCheck = 1330;
				LastUpgradeCheck = 1330;
				TargetAttributes = {
					509929072810EAC80035E1AF = {
						CreatedOnToolsVersion = 13.3.1;
					};
					5099291D2810EACA0035E1AF = {
						CreatedOnToolsVersion = 13.3.1;
						TestTargetID = 509929072810EAC80035E1AF;
					};
					509929272810EACA0035E1AF = {
						CreatedOnToolsVersion = 13.3.1;
						TestTargetID = 509929072810EAC80035E1AF;
					};
				};
			};
			buildConfigurationList = 509929032810EAC80035E1AF /* Build configuration list for PBXProject "MessUp" */;
			compatibilityVersion = "Xcode 13.0";
			developmentRegion = en;
			hasScannedForEncodings = 0;
			knownRegions = (
				en,
				Base,
			);
			mainGroup = 509928FF2810EAC80035E1AF;
			productRefGroup = 509929092810EAC80035E1AF /* Products */;
			projectDirPath = "";
			projectRoot = "";
			targets = (
				509929072810EAC80035E1AF /* MessUp */,
				5099291D2810EACA0035E1AF /* MessUpTests */,
				509929272810EACA0035E1AF /* MessUpUITests */,
			);
		};
/* End PBXProject section */

/* Begin PBXResourcesBuildPhase section */
		509929062810EAC80035E1AF /* Resources */ = {
			isa = PBXResourcesBuildPhase;
			buildActionMask = 2147483647;
			files = (
				509929182810EAC90035E1AF /* LaunchScreen.storyboard in Resources */,
				509929152810EAC90035E1AF /* Assets.xcassets in Resources */,
				509929132810EAC80035E1AF /* Main.storyboard in Resources */,
			);
			runOnlyForDeploymentPostprocessing = 0;
		};
		5099291C2810EACA0035E1AF /* Resources */ = {
			isa = PBXResourcesBuildPhase;
			buildActionMask = 2147483647;
			files = (
			);
			runOnlyForDeploymentPostprocessing = 0;
		};
		509929262810EACA0035E1AF /* Resources */ = {
			isa = PBXResourcesBuildPhase;
			buildActionMask = 2147483647;
			files = (
			);
			runOnlyForDeploymentPostprocessing = 0;
		};
/* End PBXResourcesBuildPhase section */

/* Begin PBXSourcesBuildPhase section */
		509929042810EAC80035E1AF /* Sources */ = {
			isa = PBXSourcesBuildPhase;
			buildActionMask = 2147483647;
			files = (
				50BD520328160ACE0099D0DD /* LinkedInLoginViewController.swift in Sources */,
				5020AD0E2814DD5500C7C6B0 /* LoginViewController.swift in Sources */,
				5020AD0A2814DCE300C7C6B0 /* LinkedInEmailModel.swift in Sources */,
				504E04F42814D83800E3C06C /* LinkedInCredentialsExample.swift in Sources */,
				501CC4822817861C00462760 /* LinkedInCredentials.swift in Sources */,
				5099290C2810EAC80035E1AF /* AppDelegate.swift in Sources */,
				50BD520528161FCF0099D0DD /* LinkedInAccessToken.swift in Sources */,
				5099290E2810EAC80035E1AF /* SceneDelegate.swift in Sources */,
				50BD5207281629B90099D0DD /* AccessTokenModel.swift in Sources */,
				5020AD0C2814DD0300C7C6B0 /* LinkedInProfileModel.swift in Sources */,
			);
			runOnlyForDeploymentPostprocessing = 0;
		};
		5099291A2810EACA0035E1AF /* Sources */ = {
			isa = PBXSourcesBuildPhase;
			buildActionMask = 2147483647;
			files = (
				509929232810EACA0035E1AF /* MessUpTests.swift in Sources */,
			);
			runOnlyForDeploymentPostprocessing = 0;
		};
		509929242810EACA0035E1AF /* Sources */ = {
			isa = PBXSourcesBuildPhase;
			buildActionMask = 2147483647;
			files = (
				5099292D2810EACA0035E1AF /* MessUpUITests.swift in Sources */,
				5099292F2810EACA0035E1AF /* MessUpUITestsLaunchTests.swift in Sources */,
			);
			runOnlyForDeploymentPostprocessing = 0;
		};
/* End PBXSourcesBuildPhase section */

/* Begin PBXTargetDependency section */
		509929202810EACA0035E1AF /* PBXTargetDependency */ = {
			isa = PBXTargetDependency;
			target = 509929072810EAC80035E1AF /* MessUp */;
			targetProxy = 5099291F2810EACA0035E1AF /* PBXContainerItemProxy */;
		};
		5099292A2810EACA0035E1AF /* PBXTargetDependency */ = {
			isa = PBXTargetDependency;
			target = 509929072810EAC80035E1AF /* MessUp */;
			targetProxy = 509929292810EACA0035E1AF /* PBXContainerItemProxy */;
		};
/* End PBXTargetDependency section */

/* Begin PBXVariantGroup section */
		509929112810EAC80035E1AF /* Main.storyboard */ = {
			isa = PBXVariantGroup;
			children = (
				509929122810EAC80035E1AF /* Base */,
			);
			name = Main.storyboard;
			sourceTree = "<group>";
		};
		509929162810EAC90035E1AF /* LaunchScreen.storyboard */ = {
			isa = PBXVariantGroup;
			children = (
				509929172810EAC90035E1AF /* Base */,
			);
			name = LaunchScreen.storyboard;
			sourceTree = "<group>";
		};
/* End PBXVariantGroup section */

/* Begin XCBuildConfiguration section */
		509929302810EACA0035E1AF /* Debug */ = {
			isa = XCBuildConfiguration;
			buildSettings = {
				ALWAYS_SEARCH_USER_PATHS = NO;
				CLANG_ANALYZER_NONNULL = YES;
				CLANG_ANALYZER_NUMBER_OBJECT_CONVERSION = YES_AGGRESSIVE;
				CLANG_CXX_LANGUAGE_STANDARD = "gnu++17";
				CLANG_ENABLE_MODULES = YES;
				CLANG_ENABLE_OBJC_ARC = YES;
				CLANG_ENABLE_OBJC_WEAK = YES;
				CLANG_WARN_BLOCK_CAPTURE_AUTORELEASING = YES;
				CLANG_WARN_BOOL_CONVERSION = YES;
				CLANG_WARN_COMMA = YES;
				CLANG_WARN_CONSTANT_CONVERSION = YES;
				CLANG_WARN_DEPRECATED_OBJC_IMPLEMENTATIONS = YES;
				CLANG_WARN_DIRECT_OBJC_ISA_USAGE = YES_ERROR;
				CLANG_WARN_DOCUMENTATION_COMMENTS = YES;
				CLANG_WARN_EMPTY_BODY = YES;
				CLANG_WARN_ENUM_CONVERSION = YES;
				CLANG_WARN_INFINITE_RECURSION = YES;
				CLANG_WARN_INT_CONVERSION = YES;
				CLANG_WARN_NON_LITERAL_NULL_CONVERSION = YES;
				CLANG_WARN_OBJC_IMPLICIT_RETAIN_SELF = YES;
				CLANG_WARN_OBJC_LITERAL_CONVERSION = YES;
				CLANG_WARN_OBJC_ROOT_CLASS = YES_ERROR;
				CLANG_WARN_QUOTED_INCLUDE_IN_FRAMEWORK_HEADER = YES;
				CLANG_WARN_RANGE_LOOP_ANALYSIS = YES;
				CLANG_WARN_STRICT_PROTOTYPES = YES;
				CLANG_WARN_SUSPICIOUS_MOVE = YES;
				CLANG_WARN_UNGUARDED_AVAILABILITY = YES_AGGRESSIVE;
				CLANG_WARN_UNREACHABLE_CODE = YES;
				CLANG_WARN__DUPLICATE_METHOD_MATCH = YES;
				COPY_PHASE_STRIP = NO;
				DEBUG_INFORMATION_FORMAT = dwarf;
				ENABLE_STRICT_OBJC_MSGSEND = YES;
				ENABLE_TESTABILITY = YES;
				GCC_C_LANGUAGE_STANDARD = gnu11;
				GCC_DYNAMIC_NO_PIC = NO;
				GCC_NO_COMMON_BLOCKS = YES;
				GCC_OPTIMIZATION_LEVEL = 0;
				GCC_PREPROCESSOR_DEFINITIONS = (
					"DEBUG=1",
					"$(inherited)",
				);
				GCC_WARN_64_TO_32_BIT_CONVERSION = YES;
				GCC_WARN_ABOUT_RETURN_TYPE = YES_ERROR;
				GCC_WARN_UNDECLARED_SELECTOR = YES;
				GCC_WARN_UNINITIALIZED_AUTOS = YES_AGGRESSIVE;
				GCC_WARN_UNUSED_FUNCTION = YES;
				GCC_WARN_UNUSED_VARIABLE = YES;
				IPHONEOS_DEPLOYMENT_TARGET = 15.4;
				MTL_ENABLE_DEBUG_INFO = INCLUDE_SOURCE;
				MTL_FAST_MATH = YES;
				ONLY_ACTIVE_ARCH = YES;
				SDKROOT = iphoneos;
				SWIFT_ACTIVE_COMPILATION_CONDITIONS = DEBUG;
				SWIFT_OPTIMIZATION_LEVEL = "-Onone";
			};
			name = Debug;
		};
		509929312810EACA0035E1AF /* Release */ = {
			isa = XCBuildConfiguration;
			buildSettings = {
				ALWAYS_SEARCH_USER_PATHS = NO;
				CLANG_ANALYZER_NONNULL = YES;
				CLANG_ANALYZER_NUMBER_OBJECT_CONVERSION = YES_AGGRESSIVE;
				CLANG_CXX_LANGUAGE_STANDARD = "gnu++17";
				CLANG_ENABLE_MODULES = YES;
				CLANG_ENABLE_OBJC_ARC = YES;
				CLANG_ENABLE_OBJC_WEAK = YES;
				CLANG_WARN_BLOCK_CAPTURE_AUTORELEASING = YES;
				CLANG_WARN_BOOL_CONVERSION = YES;
				CLANG_WARN_COMMA = YES;
				CLANG_WARN_CONSTANT_CONVERSION = YES;
				CLANG_WARN_DEPRECATED_OBJC_IMPLEMENTATIONS = YES;
				CLANG_WARN_DIRECT_OBJC_ISA_USAGE = YES_ERROR;
				CLANG_WARN_DOCUMENTATION_COMMENTS = YES;
				CLANG_WARN_EMPTY_BODY = YES;
				CLANG_WARN_ENUM_CONVERSION = YES;
				CLANG_WARN_INFINITE_RECURSION = YES;
				CLANG_WARN_INT_CONVERSION = YES;
				CLANG_WARN_NON_LITERAL_NULL_CONVERSION = YES;
				CLANG_WARN_OBJC_IMPLICIT_RETAIN_SELF = YES;
				CLANG_WARN_OBJC_LITERAL_CONVERSION = YES;
				CLANG_WARN_OBJC_ROOT_CLASS = YES_ERROR;
				CLANG_WARN_QUOTED_INCLUDE_IN_FRAMEWORK_HEADER = YES;
				CLANG_WARN_RANGE_LOOP_ANALYSIS = YES;
				CLANG_WARN_STRICT_PROTOTYPES = YES;
				CLANG_WARN_SUSPICIOUS_MOVE = YES;
				CLANG_WARN_UNGUARDED_AVAILABILITY = YES_AGGRESSIVE;
				CLANG_WARN_UNREACHABLE_CODE = YES;
				CLANG_WARN__DUPLICATE_METHOD_MATCH = YES;
				COPY_PHASE_STRIP = NO;
				DEBUG_INFORMATION_FORMAT = "dwarf-with-dsym";
				ENABLE_NS_ASSERTIONS = NO;
				ENABLE_STRICT_OBJC_MSGSEND = YES;
				GCC_C_LANGUAGE_STANDARD = gnu11;
				GCC_NO_COMMON_BLOCKS = YES;
				GCC_WARN_64_TO_32_BIT_CONVERSION = YES;
				GCC_WARN_ABOUT_RETURN_TYPE = YES_ERROR;
				GCC_WARN_UNDECLARED_SELECTOR = YES;
				GCC_WARN_UNINITIALIZED_AUTOS = YES_AGGRESSIVE;
				GCC_WARN_UNUSED_FUNCTION = YES;
				GCC_WARN_UNUSED_VARIABLE = YES;
				IPHONEOS_DEPLOYMENT_TARGET = 15.4;
				MTL_ENABLE_DEBUG_INFO = NO;
				MTL_FAST_MATH = YES;
				SDKROOT = iphoneos;
				SWIFT_COMPILATION_MODE = wholemodule;
				SWIFT_OPTIMIZATION_LEVEL = "-O";
				VALIDATE_PRODUCT = YES;
			};
			name = Release;
		};
		509929332810EACA0035E1AF /* Debug */ = {
			isa = XCBuildConfiguration;
			buildSettings = {
				ASSETCATALOG_COMPILER_APPICON_NAME = AppIcon;
				ASSETCATALOG_COMPILER_GLOBAL_ACCENT_COLOR_NAME = AccentColor;
				CODE_SIGN_STYLE = Automatic;
				CURRENT_PROJECT_VERSION = 1;
				DEVELOPMENT_TEAM = QKPXP9788L;
				GENERATE_INFOPLIST_FILE = YES;
				INFOPLIST_FILE = MessUp/Info.plist;
				INFOPLIST_KEY_CFBundleDisplayName = "Mess Up";
				INFOPLIST_KEY_UIApplicationSupportsIndirectInputEvents = YES;
				INFOPLIST_KEY_UILaunchStoryboardName = LaunchScreen;
				INFOPLIST_KEY_UIMainStoryboardFile = Main;
				INFOPLIST_KEY_UIRequiresFullScreen = YES;
				INFOPLIST_KEY_UISupportedInterfaceOrientations = UIInterfaceOrientationPortrait;
				INFOPLIST_KEY_UISupportedInterfaceOrientations_iPad = UIInterfaceOrientationPortrait;
				INFOPLIST_KEY_UISupportedInterfaceOrientations_iPhone = UIInterfaceOrientationPortrait;
				LD_RUNPATH_SEARCH_PATHS = (
					"$(inherited)",
					"@executable_path/Frameworks",
				);
				MARKETING_VERSION = 1.0;
				PRODUCT_BUNDLE_IDENTIFIER = sh.cho.Messup;
				PRODUCT_NAME = "$(TARGET_NAME)";
				SWIFT_EMIT_LOC_STRINGS = YES;
				SWIFT_VERSION = 5.0;
				TARGETED_DEVICE_FAMILY = 1;
			};
			name = Debug;
		};
		509929342810EACA0035E1AF /* Release */ = {
			isa = XCBuildConfiguration;
			buildSettings = {
				ASSETCATALOG_COMPILER_APPICON_NAME = AppIcon;
				ASSETCATALOG_COMPILER_GLOBAL_ACCENT_COLOR_NAME = AccentColor;
				CODE_SIGN_STYLE = Automatic;
				CURRENT_PROJECT_VERSION = 1;
				DEVELOPMENT_TEAM = QKPXP9788L;
				GENERATE_INFOPLIST_FILE = YES;
				INFOPLIST_FILE = MessUp/Info.plist;
				INFOPLIST_KEY_CFBundleDisplayName = "Mess Up";
				INFOPLIST_KEY_UIApplicationSupportsIndirectInputEvents = YES;
				INFOPLIST_KEY_UILaunchStoryboardName = LaunchScreen;
				INFOPLIST_KEY_UIMainStoryboardFile = Main;
				INFOPLIST_KEY_UIRequiresFullScreen = YES;
				INFOPLIST_KEY_UISupportedInterfaceOrientations = UIInterfaceOrientationPortrait;
				INFOPLIST_KEY_UISupportedInterfaceOrientations_iPad = UIInterfaceOrientationPortrait;
				INFOPLIST_KEY_UISupportedInterfaceOrientations_iPhone = UIInterfaceOrientationPortrait;
				LD_RUNPATH_SEARCH_PATHS = (
					"$(inherited)",
					"@executable_path/Frameworks",
				);
				MARKETING_VERSION = 1.0;
				PRODUCT_BUNDLE_IDENTIFIER = sh.cho.Messup;
				PRODUCT_NAME = "$(TARGET_NAME)";
				SWIFT_EMIT_LOC_STRINGS = YES;
				SWIFT_VERSION = 5.0;
				TARGETED_DEVICE_FAMILY = 1;
			};
			name = Release;
		};
		509929362810EACA0035E1AF /* Debug */ = {
			isa = XCBuildConfiguration;
			buildSettings = {
				ALWAYS_EMBED_SWIFT_STANDARD_LIBRARIES = YES;
				BUNDLE_LOADER = "$(TEST_HOST)";
				CODE_SIGN_STYLE = Automatic;
				CURRENT_PROJECT_VERSION = 1;
				DEVELOPMENT_TEAM = QKPXP9788L;
				GENERATE_INFOPLIST_FILE = YES;
				IPHONEOS_DEPLOYMENT_TARGET = 15.4;
				MARKETING_VERSION = 1.0;
				PRODUCT_BUNDLE_IDENTIFIER = sh.cho.MessUpTests;
				PRODUCT_NAME = "$(TARGET_NAME)";
				SWIFT_EMIT_LOC_STRINGS = NO;
				SWIFT_VERSION = 5.0;
				TARGETED_DEVICE_FAMILY = "1,2";
				TEST_HOST = "$(BUILT_PRODUCTS_DIR)/MessUp.app/MessUp";
			};
			name = Debug;
		};
		509929372810EACA0035E1AF /* Release */ = {
			isa = XCBuildConfiguration;
			buildSettings = {
				ALWAYS_EMBED_SWIFT_STANDARD_LIBRARIES = YES;
				BUNDLE_LOADER = "$(TEST_HOST)";
				CODE_SIGN_STYLE = Automatic;
				CURRENT_PROJECT_VERSION = 1;
				DEVELOPMENT_TEAM = QKPXP9788L;
				GENERATE_INFOPLIST_FILE = YES;
				IPHONEOS_DEPLOYMENT_TARGET = 15.4;
				MARKETING_VERSION = 1.0;
				PRODUCT_BUNDLE_IDENTIFIER = sh.cho.MessUpTests;
				PRODUCT_NAME = "$(TARGET_NAME)";
				SWIFT_EMIT_LOC_STRINGS = NO;
				SWIFT_VERSION = 5.0;
				TARGETED_DEVICE_FAMILY = "1,2";
				TEST_HOST = "$(BUILT_PRODUCTS_DIR)/MessUp.app/MessUp";
			};
			name = Release;
		};
		509929392810EACA0035E1AF /* Debug */ = {
			isa = XCBuildConfiguration;
			buildSettings = {
				ALWAYS_EMBED_SWIFT_STANDARD_LIBRARIES = YES;
				CODE_SIGN_STYLE = Automatic;
				CURRENT_PROJECT_VERSION = 1;
				DEVELOPMENT_TEAM = QKPXP9788L;
				GENERATE_INFOPLIST_FILE = YES;
				MARKETING_VERSION = 1.0;
				PRODUCT_BUNDLE_IDENTIFIER = sh.cho.MessUpUITests;
				PRODUCT_NAME = "$(TARGET_NAME)";
				SWIFT_EMIT_LOC_STRINGS = NO;
				SWIFT_VERSION = 5.0;
				TARGETED_DEVICE_FAMILY = "1,2";
				TEST_TARGET_NAME = MessUp;
			};
			name = Debug;
		};
		5099293A2810EACA0035E1AF /* Release */ = {
			isa = XCBuildConfiguration;
			buildSettings = {
				ALWAYS_EMBED_SWIFT_STANDARD_LIBRARIES = YES;
				CODE_SIGN_STYLE = Automatic;
				CURRENT_PROJECT_VERSION = 1;
				DEVELOPMENT_TEAM = QKPXP9788L;
				GENERATE_INFOPLIST_FILE = YES;
				MARKETING_VERSION = 1.0;
				PRODUCT_BUNDLE_IDENTIFIER = sh.cho.MessUpUITests;
				PRODUCT_NAME = "$(TARGET_NAME)";
				SWIFT_EMIT_LOC_STRINGS = NO;
				SWIFT_VERSION = 5.0;
				TARGETED_DEVICE_FAMILY = "1,2";
				TEST_TARGET_NAME = MessUp;
			};
			name = Release;
		};
/* End XCBuildConfiguration section */

/* Begin XCConfigurationList section */
		509929032810EAC80035E1AF /* Build configuration list for PBXProject "MessUp" */ = {
			isa = XCConfigurationList;
			buildConfigurations = (
				509929302810EACA0035E1AF /* Debug */,
				509929312810EACA0035E1AF /* Release */,
			);
			defaultConfigurationIsVisible = 0;
			defaultConfigurationName = Release;
		};
		509929322810EACA0035E1AF /* Build configuration list for PBXNativeTarget "MessUp" */ = {
			isa = XCConfigurationList;
			buildConfigurations = (
				509929332810EACA0035E1AF /* Debug */,
				509929342810EACA0035E1AF /* Release */,
			);
			defaultConfigurationIsVisible = 0;
			defaultConfigurationName = Release;
		};
		509929352810EACA0035E1AF /* Build configuration list for PBXNativeTarget "MessUpTests" */ = {
			isa = XCConfigurationList;
			buildConfigurations = (
				509929362810EACA0035E1AF /* Debug */,
				509929372810EACA0035E1AF /* Release */,
			);
			defaultConfigurationIsVisible = 0;
			defaultConfigurationName = Release;
		};
		509929382810EACA0035E1AF /* Build configuration list for PBXNativeTarget "MessUpUITests" */ = {
			isa = XCConfigurationList;
			buildConfigurations = (
				509929392810EACA0035E1AF /* Debug */,
				5099293A2810EACA0035E1AF /* Release */,
			);
			defaultConfigurationIsVisible = 0;
			defaultConfigurationName = Release;
		};
/* End XCConfigurationList section */
	};
	rootObject = 509929002810EAC80035E1AF /* Project object */;
}
